{
  "name": "aufgabe_1",
  "version": "1.0.0",
  "lockfileVersion": 3,
  "requires": true,
  "packages": {
    "": {
      "name": "aufgabe_1",
      "version": "1.0.0",
      "license": "ISC",
      "dependencies": {
        "@types/assert": "^1.5.10"
      }
    },
    "node_modules/@types/assert": {
      "version": "1.5.10",
      "resolved": "https://registry.npmjs.org/@types/assert/-/assert-1.5.10.tgz",
      "integrity": "sha512-qEO+AUgYab7GVbeDDgUNCU3o0aZUoIMpNAe+w5LDbRxfxQX7vQAdDgwj1AroX+i8KaV56FWg0srXlSZROnsrIQ==",
      "license": "MIT"
    }
  }
}
